
Microsoft Visual Studio Solution File, Format Version 12.00
Project("{2150E333-8FDC-42A3-9474-1A3956D46DE8}") = "PublishConsumer", "PublishConsumer", "{06E02F0C-4A77-4D3E-904F-A4DF2739D502}"
EndProject
Project("{FAE04EC0-301F-11D3-BF4B-00C04F79EFBC}") = "Publish", "Publish\Publish.csproj", "{2D2737AE-E6DF-4374-AAC3-A2859B4874B9}"
EndProject
Project("{FAE04EC0-301F-11D3-BF4B-00C04F79EFBC}") = "Consumer", "Consumer\Consumer.csproj", "{E0E06170-4A50-463B-AB1A-DFC0E4768363}"
EndProject
Project("{2150E333-8FDC-42A3-9474-1A3956D46DE8}") = "Infrastructure", "Infrastructure", "{2049EA31-A590-4986-A890-604D0596D953}"
	ProjectSection(SolutionItems) = preProject
		..\docker-compose.yml = ..\docker-compose.yml
	EndProjectSection
EndProject
Project("{FAE04EC0-301F-11D3-BF4B-00C04F79EFBC}") = "Dto", "Dto\Dto.csproj", "{C92E56E2-0071-4BFA-BAA8-360AA2CE1E88}"
EndProject
Project("{2150E333-8FDC-42A3-9474-1A3956D46DE8}") = "PubSub", "PubSub", "{69CD49D5-D4C8-4AA2-8D52-0712DDB6B9F4}"
EndProject
Project("{FAE04EC0-301F-11D3-BF4B-00C04F79EFBC}") = "Pub", "Pub\Pub.csproj", "{A1B22453-3951-470F-9E88-076432F9C0D9}"
EndProject
Project("{FAE04EC0-301F-11D3-BF4B-00C04F79EFBC}") = "Sub1", "Sub1\Sub1.csproj", "{690E7501-F262-46C3-9168-672B29E16FD3}"
EndProject
Project("{FAE04EC0-301F-11D3-BF4B-00C04F79EFBC}") = "Sub2", "Sub2\Sub2.csproj", "{7582E913-8C47-4A85-95A2-AE7219DF3F2A}"
EndProject
Project("{FAE04EC0-301F-11D3-BF4B-00C04F79EFBC}") = "PubSubDto", "PubSubDto\PubSubDto.csproj", "{9D424C21-1787-4B6C-B1B2-E9AB19DAC424}"
EndProject
Global
	GlobalSection(SolutionConfigurationPlatforms) = preSolution
		Debug|Any CPU = Debug|Any CPU
		Release|Any CPU = Release|Any CPU
	EndGlobalSection
	GlobalSection(ProjectConfigurationPlatforms) = postSolution
		{2D2737AE-E6DF-4374-AAC3-A2859B4874B9}.Debug|Any CPU.ActiveCfg = Debug|Any CPU
		{2D2737AE-E6DF-4374-AAC3-A2859B4874B9}.Debug|Any CPU.Build.0 = Debug|Any CPU
		{2D2737AE-E6DF-4374-AAC3-A2859B4874B9}.Release|Any CPU.ActiveCfg = Release|Any CPU
		{2D2737AE-E6DF-4374-AAC3-A2859B4874B9}.Release|Any CPU.Build.0 = Release|Any CPU
		{E0E06170-4A50-463B-AB1A-DFC0E4768363}.Debug|Any CPU.ActiveCfg = Debug|Any CPU
		{E0E06170-4A50-463B-AB1A-DFC0E4768363}.Debug|Any CPU.Build.0 = Debug|Any CPU
		{E0E06170-4A50-463B-AB1A-DFC0E4768363}.Release|Any CPU.ActiveCfg = Release|Any CPU
		{E0E06170-4A50-463B-AB1A-DFC0E4768363}.Release|Any CPU.Build.0 = Release|Any CPU
		{C92E56E2-0071-4BFA-BAA8-360AA2CE1E88}.Debug|Any CPU.ActiveCfg = Debug|Any CPU
		{C92E56E2-0071-4BFA-BAA8-360AA2CE1E88}.Debug|Any CPU.Build.0 = Debug|Any CPU
		{C92E56E2-0071-4BFA-BAA8-360AA2CE1E88}.Release|Any CPU.ActiveCfg = Release|Any CPU
		{C92E56E2-0071-4BFA-BAA8-360AA2CE1E88}.Release|Any CPU.Build.0 = Release|Any CPU
		{A1B22453-3951-470F-9E88-076432F9C0D9}.Debug|Any CPU.ActiveCfg = Debug|Any CPU
		{A1B22453-3951-470F-9E88-076432F9C0D9}.Debug|Any CPU.Build.0 = Debug|Any CPU
		{A1B22453-3951-470F-9E88-076432F9C0D9}.Release|Any CPU.ActiveCfg = Release|Any CPU
		{A1B22453-3951-470F-9E88-076432F9C0D9}.Release|Any CPU.Build.0 = Release|Any CPU
		{690E7501-F262-46C3-9168-672B29E16FD3}.Debug|Any CPU.ActiveCfg = Debug|Any CPU
		{690E7501-F262-46C3-9168-672B29E16FD3}.Debug|Any CPU.Build.0 = Debug|Any CPU
		{690E7501-F262-46C3-9168-672B29E16FD3}.Release|Any CPU.ActiveCfg = Release|Any CPU
		{690E7501-F262-46C3-9168-672B29E16FD3}.Release|Any CPU.Build.0 = Release|Any CPU
		{7582E913-8C47-4A85-95A2-AE7219DF3F2A}.Debug|Any CPU.ActiveCfg = Debug|Any CPU
		{7582E913-8C47-4A85-95A2-AE7219DF3F2A}.Debug|Any CPU.Build.0 = Debug|Any CPU
		{7582E913-8C47-4A85-95A2-AE7219DF3F2A}.Release|Any CPU.ActiveCfg = Release|Any CPU
		{7582E913-8C47-4A85-95A2-AE7219DF3F2A}.Release|Any CPU.Build.0 = Release|Any CPU
		{9D424C21-1787-4B6C-B1B2-E9AB19DAC424}.Debug|Any CPU.ActiveCfg = Debug|Any CPU
		{9D424C21-1787-4B6C-B1B2-E9AB19DAC424}.Debug|Any CPU.Build.0 = Debug|Any CPU
		{9D424C21-1787-4B6C-B1B2-E9AB19DAC424}.Release|Any CPU.ActiveCfg = Release|Any CPU
		{9D424C21-1787-4B6C-B1B2-E9AB19DAC424}.Release|Any CPU.Build.0 = Release|Any CPU
	EndGlobalSection
	GlobalSection(NestedProjects) = preSolution
		{2D2737AE-E6DF-4374-AAC3-A2859B4874B9} = {06E02F0C-4A77-4D3E-904F-A4DF2739D502}
		{E0E06170-4A50-463B-AB1A-DFC0E4768363} = {06E02F0C-4A77-4D3E-904F-A4DF2739D502}
		{C92E56E2-0071-4BFA-BAA8-360AA2CE1E88} = {06E02F0C-4A77-4D3E-904F-A4DF2739D502}
		{A1B22453-3951-470F-9E88-076432F9C0D9} = {69CD49D5-D4C8-4AA2-8D52-0712DDB6B9F4}
		{690E7501-F262-46C3-9168-672B29E16FD3} = {69CD49D5-D4C8-4AA2-8D52-0712DDB6B9F4}
		{7582E913-8C47-4A85-95A2-AE7219DF3F2A} = {69CD49D5-D4C8-4AA2-8D52-0712DDB6B9F4}
		{9D424C21-1787-4B6C-B1B2-E9AB19DAC424} = {69CD49D5-D4C8-4AA2-8D52-0712DDB6B9F4}
	EndGlobalSection
EndGlobal
