
Microsoft Visual Studio Solution File, Format Version 12.00
Project("{2150E333-8FDC-42A3-9474-1A3956D46DE8}") = "PublishConsumer", "PublishConsumer", "{06E02F0C-4A77-4D3E-904F-A4DF2739D502}"
EndProject
Project("{FAE04EC0-301F-11D3-BF4B-00C04F79EFBC}") = "Publish", "Publish\Publish.csproj", "{2D2737AE-E6DF-4374-AAC3-A2859B4874B9}"
EndProject
Project("{FAE04EC0-301F-11D3-BF4B-00C04F79EFBC}") = "Consumer", "Consumer\Consumer.csproj", "{E0E06170-4A50-463B-AB1A-DFC0E4768363}"
EndProject
Project("{2150E333-8FDC-42A3-9474-1A3956D46DE8}") = "Infrastructure", "Infrastructure", "{2049EA31-A590-4986-A890-604D0596D953}"
	ProjectSection(SolutionItems) = preProject
		..\docker-compose.yml = ..\docker-compose.yml
	EndProjectSection
EndProject
Project("{FAE04EC0-301F-11D3-BF4B-00C04F79EFBC}") = "Dto", "Dto\Dto.csproj", "{C92E56E2-0071-4BFA-BAA8-360AA2CE1E88}"
EndProject
Project("{2150E333-8FDC-42A3-9474-1A3956D46DE8}") = "PubSub", "PubSub", "{69CD49D5-D4C8-4AA2-8D52-0712DDB6B9F4}"
EndProject
Project("{FAE04EC0-301F-11D3-BF4B-00C04F79EFBC}") = "Pub", "Pub\Pub.csproj", "{A1B22453-3951-470F-9E88-076432F9C0D9}"
EndProject
Project("{FAE04EC0-301F-11D3-BF4B-00C04F79EFBC}") = "Sub1", "Sub1\Sub1.csproj", "{690E7501-F262-46C3-9168-672B29E16FD3}"
EndProject
Project("{FAE04EC0-301F-11D3-BF4B-00C04F79EFBC}") = "Sub2", "Sub2\Sub2.csproj", "{7582E913-8C47-4A85-95A2-AE7219DF3F2A}"
EndProject
Project("{FAE04EC0-301F-11D3-BF4B-00C04F79EFBC}") = "PubSubDto", "PubSubDto\PubSubDto.csproj", "{9D424C21-1787-4B6C-B1B2-E9AB19DAC424}"
EndProject
Project("{2150E333-8FDC-42A3-9474-1A3956D46DE8}") = "CompetingConsumersPattern", "CompetingConsumersPattern", "{0E4C6A68-41C8-46E0-9CEC-08F2A5F50A21}"
EndProject
Project("{FAE04EC0-301F-11D3-BF4B-00C04F79EFBC}") = "CCPPublish", "CCPPublish\CCPPublish.csproj", "{28E71C1B-E82E-48D5-9B12-BFB622746F61}"
EndProject
Project("{FAE04EC0-301F-11D3-BF4B-00C04F79EFBC}") = "CCPSub1", "CCPSub1\CCPSub1.csproj", "{3CFAC7A6-3670-400D-A0B4-59DCA858C12B}"
EndProject
Project("{FAE04EC0-301F-11D3-BF4B-00C04F79EFBC}") = "CCPSub2", "CCPSub2\CCPSub2.csproj", "{71B46CDB-8EF5-48B8-95F0-34518993003D}"
EndProject
Project("{FAE04EC0-301F-11D3-BF4B-00C04F79EFBC}") = "CCPDto", "CCPDto\CCPDto.csproj", "{886AF69D-AAE7-471D-88E0-E8EC6EA55486}"
EndProject
Project("{2150E333-8FDC-42A3-9474-1A3956D46DE8}") = "Routing", "Routing", "{C7ACC697-A01A-4A08-9B2C-F5B4DB5AA006}"
EndProject
Project("{FAE04EC0-301F-11D3-BF4B-00C04F79EFBC}") = "RoutingDto", "RoutingDto\RoutingDto.csproj", "{B6A559EA-13CE-4FF3-BA16-5943875E4091}"
EndProject
Project("{FAE04EC0-301F-11D3-BF4B-00C04F79EFBC}") = "RoutingPub", "RoutingPub\RoutingPub.csproj", "{0A59907F-C6D3-49A4-B21D-4F7355757A81}"
EndProject
Project("{FAE04EC0-301F-11D3-BF4B-00C04F79EFBC}") = "RoutingSub1", "RoutingSub1\RoutingSub1.csproj", "{23BD09EE-5E79-4596-84FC-89041CD43CC1}"
EndProject
Project("{FAE04EC0-301F-11D3-BF4B-00C04F79EFBC}") = "RoutingSub2", "RoutingSub2\RoutingSub2.csproj", "{29381389-E905-4C1E-B7B9-37AA7C22E712}"
EndProject
Project("{2150E333-8FDC-42A3-9474-1A3956D46DE8}") = "Topics", "Topics", "{30745B5C-4CBD-48B8-854F-876A7186B5AF}"
EndProject
Project("{FAE04EC0-301F-11D3-BF4B-00C04F79EFBC}") = "TopicsDto", "TopicsDto\TopicsDto.csproj", "{DA42A52E-F272-45B0-A7B4-AD0749B21080}"
EndProject
Project("{FAE04EC0-301F-11D3-BF4B-00C04F79EFBC}") = "TopicsPub", "TopicsPub\TopicsPub.csproj", "{3A27D9D4-1B06-4158-979C-9D35FEF7BB47}"
EndProject
Project("{FAE04EC0-301F-11D3-BF4B-00C04F79EFBC}") = "TopicsSub1", "TopicsSub1\TopicsSub1.csproj", "{F8858217-F8E7-43BF-9988-51E26936B77F}"
EndProject
Project("{FAE04EC0-301F-11D3-BF4B-00C04F79EFBC}") = "TopicsSub2", "TopicsSub2\TopicsSub2.csproj", "{E8CBC377-DEE6-4B8E-B733-4FA57A0B6A63}"
EndProject
Project("{2150E333-8FDC-42A3-9474-1A3956D46DE8}") = "RequestReply", "RequestReply", "{B461C0F3-459E-4720-86D2-B020F2605D00}"
EndProject
Project("{FAE04EC0-301F-11D3-BF4B-00C04F79EFBC}") = "RequestReplyDto", "RequestReplyDto\RequestReplyDto.csproj", "{3B03B89B-2679-45C3-9494-506BC0E2C57C}"
EndProject
Project("{FAE04EC0-301F-11D3-BF4B-00C04F79EFBC}") = "RequestReplyPub", "RequestReplyPub\RequestReplyPub.csproj", "{38030BEE-09D7-4401-B43F-48DFF3676D5F}"
EndProject
Project("{FAE04EC0-301F-11D3-BF4B-00C04F79EFBC}") = "RequestReplySub1", "RequestReplySub1\RequestReplySub1.csproj", "{9DEDC53C-4CC9-4902-8C86-2D902EAD0F70}"
EndProject
Global
	GlobalSection(SolutionConfigurationPlatforms) = preSolution
		Debug|Any CPU = Debug|Any CPU
		Release|Any CPU = Release|Any CPU
	EndGlobalSection
	GlobalSection(ProjectConfigurationPlatforms) = postSolution
		{2D2737AE-E6DF-4374-AAC3-A2859B4874B9}.Debug|Any CPU.ActiveCfg = Debug|Any CPU
		{2D2737AE-E6DF-4374-AAC3-A2859B4874B9}.Debug|Any CPU.Build.0 = Debug|Any CPU
		{2D2737AE-E6DF-4374-AAC3-A2859B4874B9}.Release|Any CPU.ActiveCfg = Release|Any CPU
		{2D2737AE-E6DF-4374-AAC3-A2859B4874B9}.Release|Any CPU.Build.0 = Release|Any CPU
		{E0E06170-4A50-463B-AB1A-DFC0E4768363}.Debug|Any CPU.ActiveCfg = Debug|Any CPU
		{E0E06170-4A50-463B-AB1A-DFC0E4768363}.Debug|Any CPU.Build.0 = Debug|Any CPU
		{E0E06170-4A50-463B-AB1A-DFC0E4768363}.Release|Any CPU.ActiveCfg = Release|Any CPU
		{E0E06170-4A50-463B-AB1A-DFC0E4768363}.Release|Any CPU.Build.0 = Release|Any CPU
		{C92E56E2-0071-4BFA-BAA8-360AA2CE1E88}.Debug|Any CPU.ActiveCfg = Debug|Any CPU
		{C92E56E2-0071-4BFA-BAA8-360AA2CE1E88}.Debug|Any CPU.Build.0 = Debug|Any CPU
		{C92E56E2-0071-4BFA-BAA8-360AA2CE1E88}.Release|Any CPU.ActiveCfg = Release|Any CPU
		{C92E56E2-0071-4BFA-BAA8-360AA2CE1E88}.Release|Any CPU.Build.0 = Release|Any CPU
		{A1B22453-3951-470F-9E88-076432F9C0D9}.Debug|Any CPU.ActiveCfg = Debug|Any CPU
		{A1B22453-3951-470F-9E88-076432F9C0D9}.Debug|Any CPU.Build.0 = Debug|Any CPU
		{A1B22453-3951-470F-9E88-076432F9C0D9}.Release|Any CPU.ActiveCfg = Release|Any CPU
		{A1B22453-3951-470F-9E88-076432F9C0D9}.Release|Any CPU.Build.0 = Release|Any CPU
		{690E7501-F262-46C3-9168-672B29E16FD3}.Debug|Any CPU.ActiveCfg = Debug|Any CPU
		{690E7501-F262-46C3-9168-672B29E16FD3}.Debug|Any CPU.Build.0 = Debug|Any CPU
		{690E7501-F262-46C3-9168-672B29E16FD3}.Release|Any CPU.ActiveCfg = Release|Any CPU
		{690E7501-F262-46C3-9168-672B29E16FD3}.Release|Any CPU.Build.0 = Release|Any CPU
		{7582E913-8C47-4A85-95A2-AE7219DF3F2A}.Debug|Any CPU.ActiveCfg = Debug|Any CPU
		{7582E913-8C47-4A85-95A2-AE7219DF3F2A}.Debug|Any CPU.Build.0 = Debug|Any CPU
		{7582E913-8C47-4A85-95A2-AE7219DF3F2A}.Release|Any CPU.ActiveCfg = Release|Any CPU
		{7582E913-8C47-4A85-95A2-AE7219DF3F2A}.Release|Any CPU.Build.0 = Release|Any CPU
		{9D424C21-1787-4B6C-B1B2-E9AB19DAC424}.Debug|Any CPU.ActiveCfg = Debug|Any CPU
		{9D424C21-1787-4B6C-B1B2-E9AB19DAC424}.Debug|Any CPU.Build.0 = Debug|Any CPU
		{9D424C21-1787-4B6C-B1B2-E9AB19DAC424}.Release|Any CPU.ActiveCfg = Release|Any CPU
		{9D424C21-1787-4B6C-B1B2-E9AB19DAC424}.Release|Any CPU.Build.0 = Release|Any CPU
		{28E71C1B-E82E-48D5-9B12-BFB622746F61}.Debug|Any CPU.ActiveCfg = Debug|Any CPU
		{28E71C1B-E82E-48D5-9B12-BFB622746F61}.Debug|Any CPU.Build.0 = Debug|Any CPU
		{28E71C1B-E82E-48D5-9B12-BFB622746F61}.Release|Any CPU.ActiveCfg = Release|Any CPU
		{28E71C1B-E82E-48D5-9B12-BFB622746F61}.Release|Any CPU.Build.0 = Release|Any CPU
		{3CFAC7A6-3670-400D-A0B4-59DCA858C12B}.Debug|Any CPU.ActiveCfg = Debug|Any CPU
		{3CFAC7A6-3670-400D-A0B4-59DCA858C12B}.Debug|Any CPU.Build.0 = Debug|Any CPU
		{3CFAC7A6-3670-400D-A0B4-59DCA858C12B}.Release|Any CPU.ActiveCfg = Release|Any CPU
		{3CFAC7A6-3670-400D-A0B4-59DCA858C12B}.Release|Any CPU.Build.0 = Release|Any CPU
		{71B46CDB-8EF5-48B8-95F0-34518993003D}.Debug|Any CPU.ActiveCfg = Debug|Any CPU
		{71B46CDB-8EF5-48B8-95F0-34518993003D}.Debug|Any CPU.Build.0 = Debug|Any CPU
		{71B46CDB-8EF5-48B8-95F0-34518993003D}.Release|Any CPU.ActiveCfg = Release|Any CPU
		{71B46CDB-8EF5-48B8-95F0-34518993003D}.Release|Any CPU.Build.0 = Release|Any CPU
		{886AF69D-AAE7-471D-88E0-E8EC6EA55486}.Debug|Any CPU.ActiveCfg = Debug|Any CPU
		{886AF69D-AAE7-471D-88E0-E8EC6EA55486}.Debug|Any CPU.Build.0 = Debug|Any CPU
		{886AF69D-AAE7-471D-88E0-E8EC6EA55486}.Release|Any CPU.ActiveCfg = Release|Any CPU
		{886AF69D-AAE7-471D-88E0-E8EC6EA55486}.Release|Any CPU.Build.0 = Release|Any CPU
		{B6A559EA-13CE-4FF3-BA16-5943875E4091}.Debug|Any CPU.ActiveCfg = Debug|Any CPU
		{B6A559EA-13CE-4FF3-BA16-5943875E4091}.Debug|Any CPU.Build.0 = Debug|Any CPU
		{B6A559EA-13CE-4FF3-BA16-5943875E4091}.Release|Any CPU.ActiveCfg = Release|Any CPU
		{B6A559EA-13CE-4FF3-BA16-5943875E4091}.Release|Any CPU.Build.0 = Release|Any CPU
		{0A59907F-C6D3-49A4-B21D-4F7355757A81}.Debug|Any CPU.ActiveCfg = Debug|Any CPU
		{0A59907F-C6D3-49A4-B21D-4F7355757A81}.Debug|Any CPU.Build.0 = Debug|Any CPU
		{0A59907F-C6D3-49A4-B21D-4F7355757A81}.Release|Any CPU.ActiveCfg = Release|Any CPU
		{0A59907F-C6D3-49A4-B21D-4F7355757A81}.Release|Any CPU.Build.0 = Release|Any CPU
		{23BD09EE-5E79-4596-84FC-89041CD43CC1}.Debug|Any CPU.ActiveCfg = Debug|Any CPU
		{23BD09EE-5E79-4596-84FC-89041CD43CC1}.Debug|Any CPU.Build.0 = Debug|Any CPU
		{23BD09EE-5E79-4596-84FC-89041CD43CC1}.Release|Any CPU.ActiveCfg = Release|Any CPU
		{23BD09EE-5E79-4596-84FC-89041CD43CC1}.Release|Any CPU.Build.0 = Release|Any CPU
		{29381389-E905-4C1E-B7B9-37AA7C22E712}.Debug|Any CPU.ActiveCfg = Debug|Any CPU
		{29381389-E905-4C1E-B7B9-37AA7C22E712}.Debug|Any CPU.Build.0 = Debug|Any CPU
		{29381389-E905-4C1E-B7B9-37AA7C22E712}.Release|Any CPU.ActiveCfg = Release|Any CPU
		{29381389-E905-4C1E-B7B9-37AA7C22E712}.Release|Any CPU.Build.0 = Release|Any CPU
		{DA42A52E-F272-45B0-A7B4-AD0749B21080}.Debug|Any CPU.ActiveCfg = Debug|Any CPU
		{DA42A52E-F272-45B0-A7B4-AD0749B21080}.Debug|Any CPU.Build.0 = Debug|Any CPU
		{DA42A52E-F272-45B0-A7B4-AD0749B21080}.Release|Any CPU.ActiveCfg = Release|Any CPU
		{DA42A52E-F272-45B0-A7B4-AD0749B21080}.Release|Any CPU.Build.0 = Release|Any CPU
		{3A27D9D4-1B06-4158-979C-9D35FEF7BB47}.Debug|Any CPU.ActiveCfg = Debug|Any CPU
		{3A27D9D4-1B06-4158-979C-9D35FEF7BB47}.Debug|Any CPU.Build.0 = Debug|Any CPU
		{3A27D9D4-1B06-4158-979C-9D35FEF7BB47}.Release|Any CPU.ActiveCfg = Release|Any CPU
		{3A27D9D4-1B06-4158-979C-9D35FEF7BB47}.Release|Any CPU.Build.0 = Release|Any CPU
		{F8858217-F8E7-43BF-9988-51E26936B77F}.Debug|Any CPU.ActiveCfg = Debug|Any CPU
		{F8858217-F8E7-43BF-9988-51E26936B77F}.Debug|Any CPU.Build.0 = Debug|Any CPU
		{F8858217-F8E7-43BF-9988-51E26936B77F}.Release|Any CPU.ActiveCfg = Release|Any CPU
		{F8858217-F8E7-43BF-9988-51E26936B77F}.Release|Any CPU.Build.0 = Release|Any CPU
		{E8CBC377-DEE6-4B8E-B733-4FA57A0B6A63}.Debug|Any CPU.ActiveCfg = Debug|Any CPU
		{E8CBC377-DEE6-4B8E-B733-4FA57A0B6A63}.Debug|Any CPU.Build.0 = Debug|Any CPU
		{E8CBC377-DEE6-4B8E-B733-4FA57A0B6A63}.Release|Any CPU.ActiveCfg = Release|Any CPU
		{E8CBC377-DEE6-4B8E-B733-4FA57A0B6A63}.Release|Any CPU.Build.0 = Release|Any CPU
		{3B03B89B-2679-45C3-9494-506BC0E2C57C}.Debug|Any CPU.ActiveCfg = Debug|Any CPU
		{3B03B89B-2679-45C3-9494-506BC0E2C57C}.Debug|Any CPU.Build.0 = Debug|Any CPU
		{3B03B89B-2679-45C3-9494-506BC0E2C57C}.Release|Any CPU.ActiveCfg = Release|Any CPU
		{3B03B89B-2679-45C3-9494-506BC0E2C57C}.Release|Any CPU.Build.0 = Release|Any CPU
		{38030BEE-09D7-4401-B43F-48DFF3676D5F}.Debug|Any CPU.ActiveCfg = Debug|Any CPU
		{38030BEE-09D7-4401-B43F-48DFF3676D5F}.Debug|Any CPU.Build.0 = Debug|Any CPU
		{38030BEE-09D7-4401-B43F-48DFF3676D5F}.Release|Any CPU.ActiveCfg = Release|Any CPU
		{38030BEE-09D7-4401-B43F-48DFF3676D5F}.Release|Any CPU.Build.0 = Release|Any CPU
		{9DEDC53C-4CC9-4902-8C86-2D902EAD0F70}.Debug|Any CPU.ActiveCfg = Debug|Any CPU
		{9DEDC53C-4CC9-4902-8C86-2D902EAD0F70}.Debug|Any CPU.Build.0 = Debug|Any CPU
		{9DEDC53C-4CC9-4902-8C86-2D902EAD0F70}.Release|Any CPU.ActiveCfg = Release|Any CPU
		{9DEDC53C-4CC9-4902-8C86-2D902EAD0F70}.Release|Any CPU.Build.0 = Release|Any CPU
	EndGlobalSection
	GlobalSection(NestedProjects) = preSolution
		{2D2737AE-E6DF-4374-AAC3-A2859B4874B9} = {06E02F0C-4A77-4D3E-904F-A4DF2739D502}
		{E0E06170-4A50-463B-AB1A-DFC0E4768363} = {06E02F0C-4A77-4D3E-904F-A4DF2739D502}
		{C92E56E2-0071-4BFA-BAA8-360AA2CE1E88} = {06E02F0C-4A77-4D3E-904F-A4DF2739D502}
		{A1B22453-3951-470F-9E88-076432F9C0D9} = {69CD49D5-D4C8-4AA2-8D52-0712DDB6B9F4}
		{690E7501-F262-46C3-9168-672B29E16FD3} = {69CD49D5-D4C8-4AA2-8D52-0712DDB6B9F4}
		{7582E913-8C47-4A85-95A2-AE7219DF3F2A} = {69CD49D5-D4C8-4AA2-8D52-0712DDB6B9F4}
		{9D424C21-1787-4B6C-B1B2-E9AB19DAC424} = {69CD49D5-D4C8-4AA2-8D52-0712DDB6B9F4}
		{28E71C1B-E82E-48D5-9B12-BFB622746F61} = {0E4C6A68-41C8-46E0-9CEC-08F2A5F50A21}
		{3CFAC7A6-3670-400D-A0B4-59DCA858C12B} = {0E4C6A68-41C8-46E0-9CEC-08F2A5F50A21}
		{71B46CDB-8EF5-48B8-95F0-34518993003D} = {0E4C6A68-41C8-46E0-9CEC-08F2A5F50A21}
		{886AF69D-AAE7-471D-88E0-E8EC6EA55486} = {0E4C6A68-41C8-46E0-9CEC-08F2A5F50A21}
		{B6A559EA-13CE-4FF3-BA16-5943875E4091} = {C7ACC697-A01A-4A08-9B2C-F5B4DB5AA006}
		{0A59907F-C6D3-49A4-B21D-4F7355757A81} = {C7ACC697-A01A-4A08-9B2C-F5B4DB5AA006}
		{23BD09EE-5E79-4596-84FC-89041CD43CC1} = {C7ACC697-A01A-4A08-9B2C-F5B4DB5AA006}
		{29381389-E905-4C1E-B7B9-37AA7C22E712} = {C7ACC697-A01A-4A08-9B2C-F5B4DB5AA006}
		{DA42A52E-F272-45B0-A7B4-AD0749B21080} = {30745B5C-4CBD-48B8-854F-876A7186B5AF}
		{3A27D9D4-1B06-4158-979C-9D35FEF7BB47} = {30745B5C-4CBD-48B8-854F-876A7186B5AF}
		{F8858217-F8E7-43BF-9988-51E26936B77F} = {30745B5C-4CBD-48B8-854F-876A7186B5AF}
		{E8CBC377-DEE6-4B8E-B733-4FA57A0B6A63} = {30745B5C-4CBD-48B8-854F-876A7186B5AF}
		{3B03B89B-2679-45C3-9494-506BC0E2C57C} = {B461C0F3-459E-4720-86D2-B020F2605D00}
		{38030BEE-09D7-4401-B43F-48DFF3676D5F} = {B461C0F3-459E-4720-86D2-B020F2605D00}
		{9DEDC53C-4CC9-4902-8C86-2D902EAD0F70} = {B461C0F3-459E-4720-86D2-B020F2605D00}
	EndGlobalSection
EndGlobal
